
Microsoft Visual Studio Solution File, Format Version 12.00
# Visual Studio Version 17
VisualStudioVersion = 17.4.33110.190
MinimumVisualStudioVersion = 10.0.40219.1
Project("{FAE04EC0-301F-11D3-BF4B-00C04F79EFBC}") = "WindowsService", "WindowsService.csproj", "{4D4B1D99-90CE-4F43-8F4A-82E0C0214CB6}"
EndProject
Project("{FAE04EC0-301F-11D3-BF4B-00C04F79EFBC}") = "WebApplication", "..\WebApplication\WebApplication.csproj", "{D9704613-29CC-4AFA-BA58-7FA5277A16F7}"
EndProject
Global
	GlobalSection(SolutionConfigurationPlatforms) = preSolution
		Debug|Any CPU = Debug|Any CPU
		Release|Any CPU = Release|Any CPU
	EndGlobalSection
	GlobalSection(ProjectConfigurationPlatforms) = postSolution
		{4D4B1D99-90CE-4F43-8F4A-82E0C0214CB6}.Debug|Any CPU.ActiveCfg = Debug|Any CPU
		{4D4B1D99-90CE-4F43-8F4A-82E0C0214CB6}.Debug|Any CPU.Build.0 = Debug|Any CPU
		{4D4B1D99-90CE-4F43-8F4A-82E0C0214CB6}.Release|Any CPU.ActiveCfg = Release|Any CPU
		{4D4B1D99-90CE-4F43-8F4A-82E0C0214CB6}.Release|Any CPU.Build.0 = Release|Any CPU
		{D9704613-29CC-4AFA-BA58-7FA5277A16F7}.Debug|Any CPU.ActiveCfg = Debug|Any CPU
		{D9704613-29CC-4AFA-BA58-7FA5277A16F7}.Debug|Any CPU.Build.0 = Debug|Any CPU
		{D9704613-29CC-4AFA-BA58-7FA5277A16F7}.Release|Any CPU.ActiveCfg = Release|Any CPU
		{D9704613-29CC-4AFA-BA58-7FA5277A16F7}.Release|Any CPU.Build.0 = Release|Any CPU
	EndGlobalSection
	GlobalSection(SolutionProperties) = preSolution
		HideSolutionNode = FALSE
	EndGlobalSection
	GlobalSection(ExtensibilityGlobals) = postSolution
		SolutionGuid = {D7812BBD-E961-4C57-8070-2E918FF90D78}
	EndGlobalSection
EndGlobal
